
Microsoft Visual Studio Solution File, Format Version 12.00
# Visual Studio Version 16
VisualStudioVersion = 16.0.32602.291
MinimumVisualStudioVersion = 10.0.40219.1
Project("{FAE04EC0-301F-11D3-BF4B-00C04F79EFBC}") = "bharatParivarTrust", "bharatParivarTrust.csproj", "{78CF16CA-1069-48C1-A08C-8B21D64FE601}"
EndProject
Global
	GlobalSection(SolutionConfigurationPlatforms) = preSolution
		Debug|Any CPU = Debug|Any CPU
		Release|Any CPU = Release|Any CPU
	EndGlobalSection
	GlobalSection(ProjectConfigurationPlatforms) = postSolution
		{78CF16CA-1069-48C1-A08C-8B21D64FE601}.Debug|Any CPU.ActiveCfg = Debug|Any CPU
		{78CF16CA-1069-48C1-A08C-8B21D64FE601}.Debug|Any CPU.Build.0 = Debug|Any CPU
		{78CF16CA-1069-48C1-A08C-8B21D64FE601}.Release|Any CPU.ActiveCfg = Release|Any CPU
		{78CF16CA-1069-48C1-A08C-8B21D64FE601}.Release|Any CPU.Build.0 = Release|Any CPU
	EndGlobalSection
	GlobalSection(SolutionProperties) = preSolution
		HideSolutionNode = FALSE
	EndGlobalSection
	GlobalSection(ExtensibilityGlobals) = postSolution
		SolutionGuid = {A52486A4-AD15-4350-AC16-EED4E7F3A09B}
	EndGlobalSection
EndGlobal
